
Microsoft Visual Studio Solution File, Format Version 12.00
# Visual Studio Version 17
VisualStudioVersion = 17.11.35222.181
MinimumVisualStudioVersion = 10.0.40219.1
Project("{FAE04EC0-301F-11D3-BF4B-00C04F79EFBC}") = "NourhanRageb.G06.PL", "NourhanRageb.G06.PL\NourhanRageb.G06.PL.csproj", "{70040884-CEF8-49F8-B84F-A7A6D05401AB}"
EndProject
Project("{FAE04EC0-301F-11D3-BF4B-00C04F79EFBC}") = "NourhanRageb.G06.DAL", "NourhanRageb.G06.DAL\NourhanRageb.G06.DAL.csproj", "{69738D98-A6F1-4218-86B0-5A05664161CF}"
EndProject
Project("{FAE04EC0-301F-11D3-BF4B-00C04F79EFBC}") = "NourhanRageb.G06.BLL", "NourhanRageb.G06.BLL\NourhanRageb.G06.BLL.csproj", "{052A214A-4DFF-4F07-863A-CC0BC9E43188}"
EndProject
Global
	GlobalSection(SolutionConfigurationPlatforms) = preSolution
		Debug|Any CPU = Debug|Any CPU
		Release|Any CPU = Release|Any CPU
	EndGlobalSection
	GlobalSection(ProjectConfigurationPlatforms) = postSolution
		{70040884-CEF8-49F8-B84F-A7A6D05401AB}.Debug|Any CPU.ActiveCfg = Debug|Any CPU
		{70040884-CEF8-49F8-B84F-A7A6D05401AB}.Debug|Any CPU.Build.0 = Debug|Any CPU
		{70040884-CEF8-49F8-B84F-A7A6D05401AB}.Release|Any CPU.ActiveCfg = Release|Any CPU
		{70040884-CEF8-49F8-B84F-A7A6D05401AB}.Release|Any CPU.Build.0 = Release|Any CPU
		{69738D98-A6F1-4218-86B0-5A05664161CF}.Debug|Any CPU.ActiveCfg = Debug|Any CPU
		{69738D98-A6F1-4218-86B0-5A05664161CF}.Debug|Any CPU.Build.0 = Debug|Any CPU
		{69738D98-A6F1-4218-86B0-5A05664161CF}.Release|Any CPU.ActiveCfg = Release|Any CPU
		{69738D98-A6F1-4218-86B0-5A05664161CF}.Release|Any CPU.Build.0 = Release|Any CPU
		{052A214A-4DFF-4F07-863A-CC0BC9E43188}.Debug|Any CPU.ActiveCfg = Debug|Any CPU
		{052A214A-4DFF-4F07-863A-CC0BC9E43188}.Debug|Any CPU.Build.0 = Debug|Any CPU
		{052A214A-4DFF-4F07-863A-CC0BC9E43188}.Release|Any CPU.ActiveCfg = Release|Any CPU
		{052A214A-4DFF-4F07-863A-CC0BC9E43188}.Release|Any CPU.Build.0 = Release|Any CPU
	EndGlobalSection
	GlobalSection(SolutionProperties) = preSolution
		HideSolutionNode = FALSE
	EndGlobalSection
	GlobalSection(ExtensibilityGlobals) = postSolution
		SolutionGuid = {490D17D2-BBC1-4A66-9095-F705A64AB77A}
	EndGlobalSection
EndGlobal
